
Microsoft Visual Studio Solution File, Format Version 12.00
# Visual Studio Version 16
VisualStudioVersion = 16.0.30523.141
MinimumVisualStudioVersion = 10.0.40219.1
Project("{9A19103F-16F7-4668-BE54-9A1E7A4F7556}") = "AdapterPattern", "AdapterPattern\AdapterPattern.csproj", "{5EBA3365-1E2D-4949-AC5E-5A82A1C17C08}"
EndProject
Project("{FAE04EC0-301F-11D3-BF4B-00C04F79EFBC}") = "MediatorPattern", "MediatorPattern\MediatorPattern.csproj", "{ED91E4AB-7B92-4A02-8A31-9715C6BE06CE}"
EndProject
Global
	GlobalSection(SolutionConfigurationPlatforms) = preSolution
		Debug|Any CPU = Debug|Any CPU
		Release|Any CPU = Release|Any CPU
	EndGlobalSection
	GlobalSection(ProjectConfigurationPlatforms) = postSolution
		{5EBA3365-1E2D-4949-AC5E-5A82A1C17C08}.Debug|Any CPU.ActiveCfg = Debug|Any CPU
		{5EBA3365-1E2D-4949-AC5E-5A82A1C17C08}.Debug|Any CPU.Build.0 = Debug|Any CPU
		{5EBA3365-1E2D-4949-AC5E-5A82A1C17C08}.Release|Any CPU.ActiveCfg = Release|Any CPU
		{5EBA3365-1E2D-4949-AC5E-5A82A1C17C08}.Release|Any CPU.Build.0 = Release|Any CPU
		{ED91E4AB-7B92-4A02-8A31-9715C6BE06CE}.Debug|Any CPU.ActiveCfg = Debug|Any CPU
		{ED91E4AB-7B92-4A02-8A31-9715C6BE06CE}.Debug|Any CPU.Build.0 = Debug|Any CPU
		{ED91E4AB-7B92-4A02-8A31-9715C6BE06CE}.Release|Any CPU.ActiveCfg = Release|Any CPU
		{ED91E4AB-7B92-4A02-8A31-9715C6BE06CE}.Release|Any CPU.Build.0 = Release|Any CPU
	EndGlobalSection
	GlobalSection(SolutionProperties) = preSolution
		HideSolutionNode = FALSE
	EndGlobalSection
	GlobalSection(ExtensibilityGlobals) = postSolution
		SolutionGuid = {56DABF2C-A593-428F-A13D-3F887C18F122}
	EndGlobalSection
EndGlobal
